
Microsoft Visual Studio Solution File, Format Version 12.00
# Visual Studio 15
VisualStudioVersion = 15.0.27130.2010
MinimumVisualStudioVersion = 10.0.40219.1
Project("{8BC9CEB8-8B4A-11D0-8D11-00A0C91BC942}") = "FireStorm", "FireStorm.vcxproj", "{AED57855-5447-47B0-8DBD-06AB46AE2DF0}"
	ProjectSection(ProjectDependencies) = postProject
		{E08E042A-6C45-411B-92BE-3CC31331019F} = {E08E042A-6C45-411B-92BE-3CC31331019F}
	EndProjectSection
EndProject
Project("{8BC9CEB8-8B4A-11D0-8D11-00A0C91BC942}") = "001_HelloWorld", "..\..\_Examples\001_HelloWorld\001_HelloWorld.vcxproj", "{1B4EAE2D-D41B-4957-86F4-5B488730AF1D}"
	ProjectSection(ProjectDependencies) = postProject
		{E08E042A-6C45-411B-92BE-3CC31331019F} = {E08E042A-6C45-411B-92BE-3CC31331019F}
		{E95CC944-2757-405A-B01F-10EBADE4F7E1} = {E95CC944-2757-405A-B01F-10EBADE4F7E1}
		{AED57855-5447-47B0-8DBD-06AB46AE2DF0} = {AED57855-5447-47B0-8DBD-06AB46AE2DF0}
		{5FAF4786-9EB8-4259-A6E1-C84F6283703C} = {5FAF4786-9EB8-4259-A6E1-C84F6283703C}
	EndProjectSection
EndProject
Project("{2150E333-8FDC-42A3-9474-1A3956D46DE8}") = "FSObjects", "FSObjects", "{2520947D-8E29-489E-B8AE-59C43FB6682A}"
EndProject
Project("{8BC9CEB8-8B4A-11D0-8D11-00A0C91BC942}") = "Irrlicht", "..\..\_Externals\irrlicht-1.8.4\irrlicht-1.8.4\source\Irrlicht\Irrlicht12.0.vcxproj", "{E08E042A-6C45-411B-92BE-3CC31331019F}"
EndProject
Project("{8BC9CEB8-8B4A-11D0-8D11-00A0C91BC942}") = "FSO_Generic", "..\..\FSObjects\FSO_Generic\FSO_Generic.vcxproj", "{5FAF4786-9EB8-4259-A6E1-C84F6283703C}"
	ProjectSection(ProjectDependencies) = postProject
		{E08E042A-6C45-411B-92BE-3CC31331019F} = {E08E042A-6C45-411B-92BE-3CC31331019F}
		{AED57855-5447-47B0-8DBD-06AB46AE2DF0} = {AED57855-5447-47B0-8DBD-06AB46AE2DF0}
	EndProjectSection
EndProject
Project("{2150E333-8FDC-42A3-9474-1A3956D46DE8}") = "Examples", "Examples", "{D913F1BB-E28C-4190-98B3-011731EB7420}"
EndProject
Project("{8BC9CEB8-8B4A-11D0-8D11-00A0C91BC942}") = "002_Quake3map", "..\..\_Examples\002_Quake3map\002_Quake3map.vcxproj", "{6B61E4AA-B926-400E-81F6-84225C69B4A6}"
	ProjectSection(ProjectDependencies) = postProject
		{E08E042A-6C45-411B-92BE-3CC31331019F} = {E08E042A-6C45-411B-92BE-3CC31331019F}
		{E95CC944-2757-405A-B01F-10EBADE4F7E1} = {E95CC944-2757-405A-B01F-10EBADE4F7E1}
		{AED57855-5447-47B0-8DBD-06AB46AE2DF0} = {AED57855-5447-47B0-8DBD-06AB46AE2DF0}
		{5FAF4786-9EB8-4259-A6E1-C84F6283703C} = {5FAF4786-9EB8-4259-A6E1-C84F6283703C}
	EndProjectSection
EndProject
Project("{8BC9CEB8-8B4A-11D0-8D11-00A0C91BC942}") = "003_CustomSceneNode", "..\..\_Examples\003_CustomSceneNode\003_CustomSceneNode.vcxproj", "{34DAABBE-6682-4951-83BB-D0BD66471113}"
	ProjectSection(ProjectDependencies) = postProject
		{E08E042A-6C45-411B-92BE-3CC31331019F} = {E08E042A-6C45-411B-92BE-3CC31331019F}
		{E95CC944-2757-405A-B01F-10EBADE4F7E1} = {E95CC944-2757-405A-B01F-10EBADE4F7E1}
		{AED57855-5447-47B0-8DBD-06AB46AE2DF0} = {AED57855-5447-47B0-8DBD-06AB46AE2DF0}
		{5FAF4786-9EB8-4259-A6E1-C84F6283703C} = {5FAF4786-9EB8-4259-A6E1-C84F6283703C}
	EndProjectSection
EndProject
Project("{8BC9CEB8-8B4A-11D0-8D11-00A0C91BC942}") = "008_SpecialFX", "..\..\_Examples\008_SpecialFX\008_SpecialFX.vcxproj", "{C995F53A-4ABC-4898-B940-76A59B3194E1}"
	ProjectSection(ProjectDependencies) = postProject
		{E08E042A-6C45-411B-92BE-3CC31331019F} = {E08E042A-6C45-411B-92BE-3CC31331019F}
		{E95CC944-2757-405A-B01F-10EBADE4F7E1} = {E95CC944-2757-405A-B01F-10EBADE4F7E1}
		{AED57855-5447-47B0-8DBD-06AB46AE2DF0} = {AED57855-5447-47B0-8DBD-06AB46AE2DF0}
		{5FAF4786-9EB8-4259-A6E1-C84F6283703C} = {5FAF4786-9EB8-4259-A6E1-C84F6283703C}
	EndProjectSection
EndProject
Project("{8BC9CEB8-8B4A-11D0-8D11-00A0C91BC942}") = "Escape", "..\..\_Examples\Escape\Escape.vcxproj", "{60396D4A-BE10-4944-A461-1A1909ABF57C}"
	ProjectSection(ProjectDependencies) = postProject
		{E08E042A-6C45-411B-92BE-3CC31331019F} = {E08E042A-6C45-411B-92BE-3CC31331019F}
		{E95CC944-2757-405A-B01F-10EBADE4F7E1} = {E95CC944-2757-405A-B01F-10EBADE4F7E1}
		{AED57855-5447-47B0-8DBD-06AB46AE2DF0} = {AED57855-5447-47B0-8DBD-06AB46AE2DF0}
		{5FAF4786-9EB8-4259-A6E1-C84F6283703C} = {5FAF4786-9EB8-4259-A6E1-C84F6283703C}
	EndProjectSection
EndProject
Project("{8BC9CEB8-8B4A-11D0-8D11-00A0C91BC942}") = "FSO_Foliage", "..\..\FSObjects\FSO_Foliage\FSO_Foliage.vcxproj", "{E95CC944-2757-405A-B01F-10EBADE4F7E1}"
	ProjectSection(ProjectDependencies) = postProject
		{E08E042A-6C45-411B-92BE-3CC31331019F} = {E08E042A-6C45-411B-92BE-3CC31331019F}
		{AED57855-5447-47B0-8DBD-06AB46AE2DF0} = {AED57855-5447-47B0-8DBD-06AB46AE2DF0}
	EndProjectSection
EndProject
Project("{8BC9CEB8-8B4A-11D0-8D11-00A0C91BC942}") = "010_AddingTheGUI", "..\..\_Examples\010_AddingTheGUI\010_AddingTheGUI.vcxproj", "{CDB4B8AC-6859-4D50-819F-66788346488E}"
	ProjectSection(ProjectDependencies) = postProject
		{E08E042A-6C45-411B-92BE-3CC31331019F} = {E08E042A-6C45-411B-92BE-3CC31331019F}
		{E95CC944-2757-405A-B01F-10EBADE4F7E1} = {E95CC944-2757-405A-B01F-10EBADE4F7E1}
		{AED57855-5447-47B0-8DBD-06AB46AE2DF0} = {AED57855-5447-47B0-8DBD-06AB46AE2DF0}
		{5FAF4786-9EB8-4259-A6E1-C84F6283703C} = {5FAF4786-9EB8-4259-A6E1-C84F6283703C}
	EndProjectSection
EndProject
Project("{8BC9CEB8-8B4A-11D0-8D11-00A0C91BC942}") = "FSO_DemoObjects", "..\..\FSObjects\FSO_DemoObjects\FSO_DemoObjects.vcxproj", "{4F7BE1AC-8B88-4F79-BBE9-1A6EC2917E75}"
	ProjectSection(ProjectDependencies) = postProject
		{E08E042A-6C45-411B-92BE-3CC31331019F} = {E08E042A-6C45-411B-92BE-3CC31331019F}
		{AED57855-5447-47B0-8DBD-06AB46AE2DF0} = {AED57855-5447-47B0-8DBD-06AB46AE2DF0}
		{5FAF4786-9EB8-4259-A6E1-C84F6283703C} = {5FAF4786-9EB8-4259-A6E1-C84F6283703C}
	EndProjectSection
EndProject
Global
	GlobalSection(SolutionConfigurationPlatforms) = preSolution
		Debug|x64 = Debug|x64
		Debug|x86 = Debug|x86
		Release - Fast FPU|x64 = Release - Fast FPU|x64
		Release - Fast FPU|x86 = Release - Fast FPU|x86
		Release|x64 = Release|x64
		Release|x86 = Release|x86
		SDL-Debug|x64 = SDL-Debug|x64
		SDL-Debug|x86 = SDL-Debug|x86
		Static lib - Debug|x64 = Static lib - Debug|x64
		Static lib - Debug|x86 = Static lib - Debug|x86
		Static lib - Release - Fast FPU|x64 = Static lib - Release - Fast FPU|x64
		Static lib - Release - Fast FPU|x86 = Static lib - Release - Fast FPU|x86
		Static lib - Release|x64 = Static lib - Release|x64
		Static lib - Release|x86 = Static lib - Release|x86
	EndGlobalSection
	GlobalSection(ProjectConfigurationPlatforms) = postSolution
		{AED57855-5447-47B0-8DBD-06AB46AE2DF0}.Debug|x64.ActiveCfg = Debug|x64
		{AED57855-5447-47B0-8DBD-06AB46AE2DF0}.Debug|x64.Build.0 = Debug|x64
		{AED57855-5447-47B0-8DBD-06AB46AE2DF0}.Debug|x86.ActiveCfg = Debug|Win32
		{AED57855-5447-47B0-8DBD-06AB46AE2DF0}.Debug|x86.Build.0 = Debug|Win32
		{AED57855-5447-47B0-8DBD-06AB46AE2DF0}.Release - Fast FPU|x64.ActiveCfg = Release|x64
		{AED57855-5447-47B0-8DBD-06AB46AE2DF0}.Release - Fast FPU|x64.Build.0 = Release|x64
		{AED57855-5447-47B0-8DBD-06AB46AE2DF0}.Release - Fast FPU|x86.ActiveCfg = Release|Win32
		{AED57855-5447-47B0-8DBD-06AB46AE2DF0}.Release - Fast FPU|x86.Build.0 = Release|Win32
		{AED57855-5447-47B0-8DBD-06AB46AE2DF0}.Release|x64.ActiveCfg = Release|x64
		{AED57855-5447-47B0-8DBD-06AB46AE2DF0}.Release|x64.Build.0 = Release|x64
		{AED57855-5447-47B0-8DBD-06AB46AE2DF0}.Release|x86.ActiveCfg = Release|Win32
		{AED57855-5447-47B0-8DBD-06AB46AE2DF0}.Release|x86.Build.0 = Release|Win32
		{AED57855-5447-47B0-8DBD-06AB46AE2DF0}.SDL-Debug|x64.ActiveCfg = Debug|x64
		{AED57855-5447-47B0-8DBD-06AB46AE2DF0}.SDL-Debug|x64.Build.0 = Debug|x64
		{AED57855-5447-47B0-8DBD-06AB46AE2DF0}.SDL-Debug|x86.ActiveCfg = Debug|Win32
		{AED57855-5447-47B0-8DBD-06AB46AE2DF0}.SDL-Debug|x86.Build.0 = Debug|Win32
		{AED57855-5447-47B0-8DBD-06AB46AE2DF0}.Static lib - Debug|x64.ActiveCfg = Debug|x64
		{AED57855-5447-47B0-8DBD-06AB46AE2DF0}.Static lib - Debug|x64.Build.0 = Debug|x64
		{AED57855-5447-47B0-8DBD-06AB46AE2DF0}.Static lib - Debug|x86.ActiveCfg = Debug|Win32
		{AED57855-5447-47B0-8DBD-06AB46AE2DF0}.Static lib - Debug|x86.Build.0 = Debug|Win32
		{AED57855-5447-47B0-8DBD-06AB46AE2DF0}.Static lib - Release - Fast FPU|x64.ActiveCfg = Release|x64
		{AED57855-5447-47B0-8DBD-06AB46AE2DF0}.Static lib - Release - Fast FPU|x64.Build.0 = Release|x64
		{AED57855-5447-47B0-8DBD-06AB46AE2DF0}.Static lib - Release - Fast FPU|x86.ActiveCfg = Release|Win32
		{AED57855-5447-47B0-8DBD-06AB46AE2DF0}.Static lib - Release - Fast FPU|x86.Build.0 = Release|Win32
		{AED57855-5447-47B0-8DBD-06AB46AE2DF0}.Static lib - Release|x64.ActiveCfg = Release|x64
		{AED57855-5447-47B0-8DBD-06AB46AE2DF0}.Static lib - Release|x64.Build.0 = Release|x64
		{AED57855-5447-47B0-8DBD-06AB46AE2DF0}.Static lib - Release|x86.ActiveCfg = Release|Win32
		{AED57855-5447-47B0-8DBD-06AB46AE2DF0}.Static lib - Release|x86.Build.0 = Release|Win32
		{1B4EAE2D-D41B-4957-86F4-5B488730AF1D}.Debug|x64.ActiveCfg = Debug|x64
		{1B4EAE2D-D41B-4957-86F4-5B488730AF1D}.Debug|x64.Build.0 = Debug|x64
		{1B4EAE2D-D41B-4957-86F4-5B488730AF1D}.Debug|x86.ActiveCfg = Debug|Win32
		{1B4EAE2D-D41B-4957-86F4-5B488730AF1D}.Debug|x86.Build.0 = Debug|Win32
		{1B4EAE2D-D41B-4957-86F4-5B488730AF1D}.Release - Fast FPU|x64.ActiveCfg = Release|x64
		{1B4EAE2D-D41B-4957-86F4-5B488730AF1D}.Release - Fast FPU|x64.Build.0 = Release|x64
		{1B4EAE2D-D41B-4957-86F4-5B488730AF1D}.Release - Fast FPU|x86.ActiveCfg = Release|Win32
		{1B4EAE2D-D41B-4957-86F4-5B488730AF1D}.Release - Fast FPU|x86.Build.0 = Release|Win32
		{1B4EAE2D-D41B-4957-86F4-5B488730AF1D}.Release|x64.ActiveCfg = Release|x64
		{1B4EAE2D-D41B-4957-86F4-5B488730AF1D}.Release|x64.Build.0 = Release|x64
		{1B4EAE2D-D41B-4957-86F4-5B488730AF1D}.Release|x86.ActiveCfg = Release|Win32
		{1B4EAE2D-D41B-4957-86F4-5B488730AF1D}.Release|x86.Build.0 = Release|Win32
		{1B4EAE2D-D41B-4957-86F4-5B488730AF1D}.SDL-Debug|x64.ActiveCfg = Debug|x64
		{1B4EAE2D-D41B-4957-86F4-5B488730AF1D}.SDL-Debug|x64.Build.0 = Debug|x64
		{1B4EAE2D-D41B-4957-86F4-5B488730AF1D}.SDL-Debug|x86.ActiveCfg = Debug|Win32
		{1B4EAE2D-D41B-4957-86F4-5B488730AF1D}.SDL-Debug|x86.Build.0 = Debug|Win32
		{1B4EAE2D-D41B-4957-86F4-5B488730AF1D}.Static lib - Debug|x64.ActiveCfg = Debug|x64
		{1B4EAE2D-D41B-4957-86F4-5B488730AF1D}.Static lib - Debug|x64.Build.0 = Debug|x64
		{1B4EAE2D-D41B-4957-86F4-5B488730AF1D}.Static lib - Debug|x86.ActiveCfg = Debug|Win32
		{1B4EAE2D-D41B-4957-86F4-5B488730AF1D}.Static lib - Debug|x86.Build.0 = Debug|Win32
		{1B4EAE2D-D41B-4957-86F4-5B488730AF1D}.Static lib - Release - Fast FPU|x64.ActiveCfg = Release|x64
		{1B4EAE2D-D41B-4957-86F4-5B488730AF1D}.Static lib - Release - Fast FPU|x64.Build.0 = Release|x64
		{1B4EAE2D-D41B-4957-86F4-5B488730AF1D}.Static lib - Release - Fast FPU|x86.ActiveCfg = Release|Win32
		{1B4EAE2D-D41B-4957-86F4-5B488730AF1D}.Static lib - Release - Fast FPU|x86.Build.0 = Release|Win32
		{1B4EAE2D-D41B-4957-86F4-5B488730AF1D}.Static lib - Release|x64.ActiveCfg = Release|x64
		{1B4EAE2D-D41B-4957-86F4-5B488730AF1D}.Static lib - Release|x64.Build.0 = Release|x64
		{1B4EAE2D-D41B-4957-86F4-5B488730AF1D}.Static lib - Release|x86.ActiveCfg = Release|Win32
		{1B4EAE2D-D41B-4957-86F4-5B488730AF1D}.Static lib - Release|x86.Build.0 = Release|Win32
		{E08E042A-6C45-411B-92BE-3CC31331019F}.Debug|x64.ActiveCfg = Debug|x64
		{E08E042A-6C45-411B-92BE-3CC31331019F}.Debug|x64.Build.0 = Debug|x64
		{E08E042A-6C45-411B-92BE-3CC31331019F}.Debug|x86.ActiveCfg = Debug|Win32
		{E08E042A-6C45-411B-92BE-3CC31331019F}.Debug|x86.Build.0 = Debug|Win32
		{E08E042A-6C45-411B-92BE-3CC31331019F}.Release - Fast FPU|x64.ActiveCfg = Release - Fast FPU|x64
		{E08E042A-6C45-411B-92BE-3CC31331019F}.Release - Fast FPU|x64.Build.0 = Release - Fast FPU|x64
		{E08E042A-6C45-411B-92BE-3CC31331019F}.Release - Fast FPU|x86.ActiveCfg = Release - Fast FPU|Win32
		{E08E042A-6C45-411B-92BE-3CC31331019F}.Release - Fast FPU|x86.Build.0 = Release - Fast FPU|Win32
		{E08E042A-6C45-411B-92BE-3CC31331019F}.Release|x64.ActiveCfg = Release|x64
		{E08E042A-6C45-411B-92BE-3CC31331019F}.Release|x64.Build.0 = Release|x64
		{E08E042A-6C45-411B-92BE-3CC31331019F}.Release|x86.ActiveCfg = Release|Win32
		{E08E042A-6C45-411B-92BE-3CC31331019F}.Release|x86.Build.0 = Release|Win32
		{E08E042A-6C45-411B-92BE-3CC31331019F}.SDL-Debug|x64.ActiveCfg = SDL-Debug|x64
		{E08E042A-6C45-411B-92BE-3CC31331019F}.SDL-Debug|x64.Build.0 = SDL-Debug|x64
		{E08E042A-6C45-411B-92BE-3CC31331019F}.SDL-Debug|x86.ActiveCfg = SDL-Debug|Win32
		{E08E042A-6C45-411B-92BE-3CC31331019F}.SDL-Debug|x86.Build.0 = SDL-Debug|Win32
		{E08E042A-6C45-411B-92BE-3CC31331019F}.Static lib - Debug|x64.ActiveCfg = Static lib - Debug|x64
		{E08E042A-6C45-411B-92BE-3CC31331019F}.Static lib - Debug|x64.Build.0 = Static lib - Debug|x64
		{E08E042A-6C45-411B-92BE-3CC31331019F}.Static lib - Debug|x86.ActiveCfg = Static lib - Debug|Win32
		{E08E042A-6C45-411B-92BE-3CC31331019F}.Static lib - Debug|x86.Build.0 = Static lib - Debug|Win32
		{E08E042A-6C45-411B-92BE-3CC31331019F}.Static lib - Release - Fast FPU|x64.ActiveCfg = Static lib - Release - Fast FPU|x64
		{E08E042A-6C45-411B-92BE-3CC31331019F}.Static lib - Release - Fast FPU|x64.Build.0 = Static lib - Release - Fast FPU|x64
		{E08E042A-6C45-411B-92BE-3CC31331019F}.Static lib - Release - Fast FPU|x86.ActiveCfg = Static lib - Release - Fast FPU|Win32
		{E08E042A-6C45-411B-92BE-3CC31331019F}.Static lib - Release - Fast FPU|x86.Build.0 = Static lib - Release - Fast FPU|Win32
		{E08E042A-6C45-411B-92BE-3CC31331019F}.Static lib - Release|x64.ActiveCfg = Static lib - Release|x64
		{E08E042A-6C45-411B-92BE-3CC31331019F}.Static lib - Release|x64.Build.0 = Static lib - Release|x64
		{E08E042A-6C45-411B-92BE-3CC31331019F}.Static lib - Release|x86.ActiveCfg = Static lib - Release|Win32
		{E08E042A-6C45-411B-92BE-3CC31331019F}.Static lib - Release|x86.Build.0 = Static lib - Release|Win32
		{5FAF4786-9EB8-4259-A6E1-C84F6283703C}.Debug|x64.ActiveCfg = Debug|x64
		{5FAF4786-9EB8-4259-A6E1-C84F6283703C}.Debug|x64.Build.0 = Debug|x64
		{5FAF4786-9EB8-4259-A6E1-C84F6283703C}.Debug|x86.ActiveCfg = Debug|Win32
		{5FAF4786-9EB8-4259-A6E1-C84F6283703C}.Debug|x86.Build.0 = Debug|Win32
		{5FAF4786-9EB8-4259-A6E1-C84F6283703C}.Release - Fast FPU|x64.ActiveCfg = Release|x64
		{5FAF4786-9EB8-4259-A6E1-C84F6283703C}.Release - Fast FPU|x64.Build.0 = Release|x64
		{5FAF4786-9EB8-4259-A6E1-C84F6283703C}.Release - Fast FPU|x86.ActiveCfg = Release|Win32
		{5FAF4786-9EB8-4259-A6E1-C84F6283703C}.Release - Fast FPU|x86.Build.0 = Release|Win32
		{5FAF4786-9EB8-4259-A6E1-C84F6283703C}.Release|x64.ActiveCfg = Release|x64
		{5FAF4786-9EB8-4259-A6E1-C84F6283703C}.Release|x64.Build.0 = Release|x64
		{5FAF4786-9EB8-4259-A6E1-C84F6283703C}.Release|x86.ActiveCfg = Release|Win32
		{5FAF4786-9EB8-4259-A6E1-C84F6283703C}.Release|x86.Build.0 = Release|Win32
		{5FAF4786-9EB8-4259-A6E1-C84F6283703C}.SDL-Debug|x64.ActiveCfg = Debug|x64
		{5FAF4786-9EB8-4259-A6E1-C84F6283703C}.SDL-Debug|x64.Build.0 = Debug|x64
		{5FAF4786-9EB8-4259-A6E1-C84F6283703C}.SDL-Debug|x86.ActiveCfg = Debug|Win32
		{5FAF4786-9EB8-4259-A6E1-C84F6283703C}.SDL-Debug|x86.Build.0 = Debug|Win32
		{5FAF4786-9EB8-4259-A6E1-C84F6283703C}.Static lib - Debug|x64.ActiveCfg = Debug|x64
		{5FAF4786-9EB8-4259-A6E1-C84F6283703C}.Static lib - Debug|x64.Build.0 = Debug|x64
		{5FAF4786-9EB8-4259-A6E1-C84F6283703C}.Static lib - Debug|x86.ActiveCfg = Debug|Win32
		{5FAF4786-9EB8-4259-A6E1-C84F6283703C}.Static lib - Debug|x86.Build.0 = Debug|Win32
		{5FAF4786-9EB8-4259-A6E1-C84F6283703C}.Static lib - Release - Fast FPU|x64.ActiveCfg = Release|x64
		{5FAF4786-9EB8-4259-A6E1-C84F6283703C}.Static lib - Release - Fast FPU|x64.Build.0 = Release|x64
		{5FAF4786-9EB8-4259-A6E1-C84F6283703C}.Static lib - Release - Fast FPU|x86.ActiveCfg = Release|Win32
		{5FAF4786-9EB8-4259-A6E1-C84F6283703C}.Static lib - Release - Fast FPU|x86.Build.0 = Release|Win32
		{5FAF4786-9EB8-4259-A6E1-C84F6283703C}.Static lib - Release|x64.ActiveCfg = Release|x64
		{5FAF4786-9EB8-4259-A6E1-C84F6283703C}.Static lib - Release|x64.Build.0 = Release|x64
		{5FAF4786-9EB8-4259-A6E1-C84F6283703C}.Static lib - Release|x86.ActiveCfg = Release|Win32
		{5FAF4786-9EB8-4259-A6E1-C84F6283703C}.Static lib - Release|x86.Build.0 = Release|Win32
		{6B61E4AA-B926-400E-81F6-84225C69B4A6}.Debug|x64.ActiveCfg = Debug|x64
		{6B61E4AA-B926-400E-81F6-84225C69B4A6}.Debug|x64.Build.0 = Debug|x64
		{6B61E4AA-B926-400E-81F6-84225C69B4A6}.Debug|x86.ActiveCfg = Debug|Win32
		{6B61E4AA-B926-400E-81F6-84225C69B4A6}.Debug|x86.Build.0 = Debug|Win32
		{6B61E4AA-B926-400E-81F6-84225C69B4A6}.Release - Fast FPU|x64.ActiveCfg = Release|x64
		{6B61E4AA-B926-400E-81F6-84225C69B4A6}.Release - Fast FPU|x64.Build.0 = Release|x64
		{6B61E4AA-B926-400E-81F6-84225C69B4A6}.Release - Fast FPU|x86.ActiveCfg = Release|Win32
		{6B61E4AA-B926-400E-81F6-84225C69B4A6}.Release - Fast FPU|x86.Build.0 = Release|Win32
		{6B61E4AA-B926-400E-81F6-84225C69B4A6}.Release|x64.ActiveCfg = Release|x64
		{6B61E4AA-B926-400E-81F6-84225C69B4A6}.Release|x64.Build.0 = Release|x64
		{6B61E4AA-B926-400E-81F6-84225C69B4A6}.Release|x86.ActiveCfg = Release|Win32
		{6B61E4AA-B926-400E-81F6-84225C69B4A6}.Release|x86.Build.0 = Release|Win32
		{6B61E4AA-B926-400E-81F6-84225C69B4A6}.SDL-Debug|x64.ActiveCfg = Debug|x64
		{6B61E4AA-B926-400E-81F6-84225C69B4A6}.SDL-Debug|x64.Build.0 = Debug|x64
		{6B61E4AA-B926-400E-81F6-84225C69B4A6}.SDL-Debug|x86.ActiveCfg = Debug|Win32
		{6B61E4AA-B926-400E-81F6-84225C69B4A6}.SDL-Debug|x86.Build.0 = Debug|Win32
		{6B61E4AA-B926-400E-81F6-84225C69B4A6}.Static lib - Debug|x64.ActiveCfg = Debug|x64
		{6B61E4AA-B926-400E-81F6-84225C69B4A6}.Static lib - Debug|x64.Build.0 = Debug|x64
		{6B61E4AA-B926-400E-81F6-84225C69B4A6}.Static lib - Debug|x86.ActiveCfg = Debug|Win32
		{6B61E4AA-B926-400E-81F6-84225C69B4A6}.Static lib - Debug|x86.Build.0 = Debug|Win32
		{6B61E4AA-B926-400E-81F6-84225C69B4A6}.Static lib - Release - Fast FPU|x64.ActiveCfg = Release|x64
		{6B61E4AA-B926-400E-81F6-84225C69B4A6}.Static lib - Release - Fast FPU|x64.Build.0 = Release|x64
		{6B61E4AA-B926-400E-81F6-84225C69B4A6}.Static lib - Release - Fast FPU|x86.ActiveCfg = Release|Win32
		{6B61E4AA-B926-400E-81F6-84225C69B4A6}.Static lib - Release - Fast FPU|x86.Build.0 = Release|Win32
		{6B61E4AA-B926-400E-81F6-84225C69B4A6}.Static lib - Release|x64.ActiveCfg = Release|x64
		{6B61E4AA-B926-400E-81F6-84225C69B4A6}.Static lib - Release|x64.Build.0 = Release|x64
		{6B61E4AA-B926-400E-81F6-84225C69B4A6}.Static lib - Release|x86.ActiveCfg = Release|Win32
		{6B61E4AA-B926-400E-81F6-84225C69B4A6}.Static lib - Release|x86.Build.0 = Release|Win32
		{34DAABBE-6682-4951-83BB-D0BD66471113}.Debug|x64.ActiveCfg = Debug|x64
		{34DAABBE-6682-4951-83BB-D0BD66471113}.Debug|x64.Build.0 = Debug|x64
		{34DAABBE-6682-4951-83BB-D0BD66471113}.Debug|x86.ActiveCfg = Debug|Win32
		{34DAABBE-6682-4951-83BB-D0BD66471113}.Debug|x86.Build.0 = Debug|Win32
		{34DAABBE-6682-4951-83BB-D0BD66471113}.Release - Fast FPU|x64.ActiveCfg = Release|x64
		{34DAABBE-6682-4951-83BB-D0BD66471113}.Release - Fast FPU|x64.Build.0 = Release|x64
		{34DAABBE-6682-4951-83BB-D0BD66471113}.Release - Fast FPU|x86.ActiveCfg = Release|Win32
		{34DAABBE-6682-4951-83BB-D0BD66471113}.Release - Fast FPU|x86.Build.0 = Release|Win32
		{34DAABBE-6682-4951-83BB-D0BD66471113}.Release|x64.ActiveCfg = Release|x64
		{34DAABBE-6682-4951-83BB-D0BD66471113}.Release|x64.Build.0 = Release|x64
		{34DAABBE-6682-4951-83BB-D0BD66471113}.Release|x86.ActiveCfg = Release|Win32
		{34DAABBE-6682-4951-83BB-D0BD66471113}.Release|x86.Build.0 = Release|Win32
		{34DAABBE-6682-4951-83BB-D0BD66471113}.SDL-Debug|x64.ActiveCfg = Debug|x64
		{34DAABBE-6682-4951-83BB-D0BD66471113}.SDL-Debug|x64.Build.0 = Debug|x64
		{34DAABBE-6682-4951-83BB-D0BD66471113}.SDL-Debug|x86.ActiveCfg = Debug|Win32
		{34DAABBE-6682-4951-83BB-D0BD66471113}.SDL-Debug|x86.Build.0 = Debug|Win32
		{34DAABBE-6682-4951-83BB-D0BD66471113}.Static lib - Debug|x64.ActiveCfg = Debug|x64
		{34DAABBE-6682-4951-83BB-D0BD66471113}.Static lib - Debug|x64.Build.0 = Debug|x64
		{34DAABBE-6682-4951-83BB-D0BD66471113}.Static lib - Debug|x86.ActiveCfg = Debug|Win32
		{34DAABBE-6682-4951-83BB-D0BD66471113}.Static lib - Debug|x86.Build.0 = Debug|Win32
		{34DAABBE-6682-4951-83BB-D0BD66471113}.Static lib - Release - Fast FPU|x64.ActiveCfg = Release|x64
		{34DAABBE-6682-4951-83BB-D0BD66471113}.Static lib - Release - Fast FPU|x64.Build.0 = Release|x64
		{34DAABBE-6682-4951-83BB-D0BD66471113}.Static lib - Release - Fast FPU|x86.ActiveCfg = Release|Win32
		{34DAABBE-6682-4951-83BB-D0BD66471113}.Static lib - Release - Fast FPU|x86.Build.0 = Release|Win32
		{34DAABBE-6682-4951-83BB-D0BD66471113}.Static lib - Release|x64.ActiveCfg = Release|x64
		{34DAABBE-6682-4951-83BB-D0BD66471113}.Static lib - Release|x64.Build.0 = Release|x64
		{34DAABBE-6682-4951-83BB-D0BD66471113}.Static lib - Release|x86.ActiveCfg = Release|Win32
		{34DAABBE-6682-4951-83BB-D0BD66471113}.Static lib - Release|x86.Build.0 = Release|Win32
		{C995F53A-4ABC-4898-B940-76A59B3194E1}.Debug|x64.ActiveCfg = Debug|x64
		{C995F53A-4ABC-4898-B940-76A59B3194E1}.Debug|x64.Build.0 = Debug|x64
		{C995F53A-4ABC-4898-B940-76A59B3194E1}.Debug|x86.ActiveCfg = Debug|Win32
		{C995F53A-4ABC-4898-B940-76A59B3194E1}.Debug|x86.Build.0 = Debug|Win32
		{C995F53A-4ABC-4898-B940-76A59B3194E1}.Release - Fast FPU|x64.ActiveCfg = Release|x64
		{C995F53A-4ABC-4898-B940-76A59B3194E1}.Release - Fast FPU|x64.Build.0 = Release|x64
		{C995F53A-4ABC-4898-B940-76A59B3194E1}.Release - Fast FPU|x86.ActiveCfg = Release|Win32
		{C995F53A-4ABC-4898-B940-76A59B3194E1}.Release - Fast FPU|x86.Build.0 = Release|Win32
		{C995F53A-4ABC-4898-B940-76A59B3194E1}.Release|x64.ActiveCfg = Release|x64
		{C995F53A-4ABC-4898-B940-76A59B3194E1}.Release|x64.Build.0 = Release|x64
		{C995F53A-4ABC-4898-B940-76A59B3194E1}.Release|x86.ActiveCfg = Release|Win32
		{C995F53A-4ABC-4898-B940-76A59B3194E1}.Release|x86.Build.0 = Release|Win32
		{C995F53A-4ABC-4898-B940-76A59B3194E1}.SDL-Debug|x64.ActiveCfg = Debug|x64
		{C995F53A-4ABC-4898-B940-76A59B3194E1}.SDL-Debug|x64.Build.0 = Debug|x64
		{C995F53A-4ABC-4898-B940-76A59B3194E1}.SDL-Debug|x86.ActiveCfg = Debug|Win32
		{C995F53A-4ABC-4898-B940-76A59B3194E1}.SDL-Debug|x86.Build.0 = Debug|Win32
		{C995F53A-4ABC-4898-B940-76A59B3194E1}.Static lib - Debug|x64.ActiveCfg = Debug|x64
		{C995F53A-4ABC-4898-B940-76A59B3194E1}.Static lib - Debug|x64.Build.0 = Debug|x64
		{C995F53A-4ABC-4898-B940-76A59B3194E1}.Static lib - Debug|x86.ActiveCfg = Debug|Win32
		{C995F53A-4ABC-4898-B940-76A59B3194E1}.Static lib - Debug|x86.Build.0 = Debug|Win32
		{C995F53A-4ABC-4898-B940-76A59B3194E1}.Static lib - Release - Fast FPU|x64.ActiveCfg = Release|x64
		{C995F53A-4ABC-4898-B940-76A59B3194E1}.Static lib - Release - Fast FPU|x64.Build.0 = Release|x64
		{C995F53A-4ABC-4898-B940-76A59B3194E1}.Static lib - Release - Fast FPU|x86.ActiveCfg = Release|Win32
		{C995F53A-4ABC-4898-B940-76A59B3194E1}.Static lib - Release - Fast FPU|x86.Build.0 = Release|Win32
		{C995F53A-4ABC-4898-B940-76A59B3194E1}.Static lib - Release|x64.ActiveCfg = Release|x64
		{C995F53A-4ABC-4898-B940-76A59B3194E1}.Static lib - Release|x64.Build.0 = Release|x64
		{C995F53A-4ABC-4898-B940-76A59B3194E1}.Static lib - Release|x86.ActiveCfg = Release|Win32
		{C995F53A-4ABC-4898-B940-76A59B3194E1}.Static lib - Release|x86.Build.0 = Release|Win32
		{60396D4A-BE10-4944-A461-1A1909ABF57C}.Debug|x64.ActiveCfg = Debug|x64
		{60396D4A-BE10-4944-A461-1A1909ABF57C}.Debug|x64.Build.0 = Debug|x64
		{60396D4A-BE10-4944-A461-1A1909ABF57C}.Debug|x86.ActiveCfg = Debug|Win32
		{60396D4A-BE10-4944-A461-1A1909ABF57C}.Debug|x86.Build.0 = Debug|Win32
		{60396D4A-BE10-4944-A461-1A1909ABF57C}.Release - Fast FPU|x64.ActiveCfg = Release|x64
		{60396D4A-BE10-4944-A461-1A1909ABF57C}.Release - Fast FPU|x64.Build.0 = Release|x64
		{60396D4A-BE10-4944-A461-1A1909ABF57C}.Release - Fast FPU|x86.ActiveCfg = Release|Win32
		{60396D4A-BE10-4944-A461-1A1909ABF57C}.Release - Fast FPU|x86.Build.0 = Release|Win32
		{60396D4A-BE10-4944-A461-1A1909ABF57C}.Release|x64.ActiveCfg = Release|x64
		{60396D4A-BE10-4944-A461-1A1909ABF57C}.Release|x64.Build.0 = Release|x64
		{60396D4A-BE10-4944-A461-1A1909ABF57C}.Release|x86.ActiveCfg = Release|Win32
		{60396D4A-BE10-4944-A461-1A1909ABF57C}.Release|x86.Build.0 = Release|Win32
		{60396D4A-BE10-4944-A461-1A1909ABF57C}.SDL-Debug|x64.ActiveCfg = Debug|x64
		{60396D4A-BE10-4944-A461-1A1909ABF57C}.SDL-Debug|x64.Build.0 = Debug|x64
		{60396D4A-BE10-4944-A461-1A1909ABF57C}.SDL-Debug|x86.ActiveCfg = Debug|Win32
		{60396D4A-BE10-4944-A461-1A1909ABF57C}.SDL-Debug|x86.Build.0 = Debug|Win32
		{60396D4A-BE10-4944-A461-1A1909ABF57C}.Static lib - Debug|x64.ActiveCfg = Debug|x64
		{60396D4A-BE10-4944-A461-1A1909ABF57C}.Static lib - Debug|x64.Build.0 = Debug|x64
		{60396D4A-BE10-4944-A461-1A1909ABF57C}.Static lib - Debug|x86.ActiveCfg = Debug|Win32
		{60396D4A-BE10-4944-A461-1A1909ABF57C}.Static lib - Debug|x86.Build.0 = Debug|Win32
		{60396D4A-BE10-4944-A461-1A1909ABF57C}.Static lib - Release - Fast FPU|x64.ActiveCfg = Release|x64
		{60396D4A-BE10-4944-A461-1A1909ABF57C}.Static lib - Release - Fast FPU|x64.Build.0 = Release|x64
		{60396D4A-BE10-4944-A461-1A1909ABF57C}.Static lib - Release - Fast FPU|x86.ActiveCfg = Release|Win32
		{60396D4A-BE10-4944-A461-1A1909ABF57C}.Static lib - Release - Fast FPU|x86.Build.0 = Release|Win32
		{60396D4A-BE10-4944-A461-1A1909ABF57C}.Static lib - Release|x64.ActiveCfg = Release|x64
		{60396D4A-BE10-4944-A461-1A1909ABF57C}.Static lib - Release|x64.Build.0 = Release|x64
		{60396D4A-BE10-4944-A461-1A1909ABF57C}.Static lib - Release|x86.ActiveCfg = Release|Win32
		{60396D4A-BE10-4944-A461-1A1909ABF57C}.Static lib - Release|x86.Build.0 = Release|Win32
		{E95CC944-2757-405A-B01F-10EBADE4F7E1}.Debug|x64.ActiveCfg = Debug|x64
		{E95CC944-2757-405A-B01F-10EBADE4F7E1}.Debug|x64.Build.0 = Debug|x64
		{E95CC944-2757-405A-B01F-10EBADE4F7E1}.Debug|x86.ActiveCfg = Debug|Win32
		{E95CC944-2757-405A-B01F-10EBADE4F7E1}.Debug|x86.Build.0 = Debug|Win32
		{E95CC944-2757-405A-B01F-10EBADE4F7E1}.Release - Fast FPU|x64.ActiveCfg = Release|x64
		{E95CC944-2757-405A-B01F-10EBADE4F7E1}.Release - Fast FPU|x64.Build.0 = Release|x64
		{E95CC944-2757-405A-B01F-10EBADE4F7E1}.Release - Fast FPU|x86.ActiveCfg = Release|Win32
		{E95CC944-2757-405A-B01F-10EBADE4F7E1}.Release - Fast FPU|x86.Build.0 = Release|Win32
		{E95CC944-2757-405A-B01F-10EBADE4F7E1}.Release|x64.ActiveCfg = Release|x64
		{E95CC944-2757-405A-B01F-10EBADE4F7E1}.Release|x64.Build.0 = Release|x64
		{E95CC944-2757-405A-B01F-10EBADE4F7E1}.Release|x86.ActiveCfg = Release|Win32
		{E95CC944-2757-405A-B01F-10EBADE4F7E1}.Release|x86.Build.0 = Release|Win32
		{E95CC944-2757-405A-B01F-10EBADE4F7E1}.SDL-Debug|x64.ActiveCfg = Debug|x64
		{E95CC944-2757-405A-B01F-10EBADE4F7E1}.SDL-Debug|x64.Build.0 = Debug|x64
		{E95CC944-2757-405A-B01F-10EBADE4F7E1}.SDL-Debug|x86.ActiveCfg = Debug|Win32
		{E95CC944-2757-405A-B01F-10EBADE4F7E1}.SDL-Debug|x86.Build.0 = Debug|Win32
		{E95CC944-2757-405A-B01F-10EBADE4F7E1}.Static lib - Debug|x64.ActiveCfg = Debug|x64
		{E95CC944-2757-405A-B01F-10EBADE4F7E1}.Static lib - Debug|x64.Build.0 = Debug|x64
		{E95CC944-2757-405A-B01F-10EBADE4F7E1}.Static lib - Debug|x86.ActiveCfg = Debug|Win32
		{E95CC944-2757-405A-B01F-10EBADE4F7E1}.Static lib - Debug|x86.Build.0 = Debug|Win32
		{E95CC944-2757-405A-B01F-10EBADE4F7E1}.Static lib - Release - Fast FPU|x64.ActiveCfg = Release|x64
		{E95CC944-2757-405A-B01F-10EBADE4F7E1}.Static lib - Release - Fast FPU|x64.Build.0 = Release|x64
		{E95CC944-2757-405A-B01F-10EBADE4F7E1}.Static lib - Release - Fast FPU|x86.ActiveCfg = Release|Win32
		{E95CC944-2757-405A-B01F-10EBADE4F7E1}.Static lib - Release - Fast FPU|x86.Build.0 = Release|Win32
		{E95CC944-2757-405A-B01F-10EBADE4F7E1}.Static lib - Release|x64.ActiveCfg = Release|x64
		{E95CC944-2757-405A-B01F-10EBADE4F7E1}.Static lib - Release|x64.Build.0 = Release|x64
		{E95CC944-2757-405A-B01F-10EBADE4F7E1}.Static lib - Release|x86.ActiveCfg = Release|Win32
		{E95CC944-2757-405A-B01F-10EBADE4F7E1}.Static lib - Release|x86.Build.0 = Release|Win32
		{CDB4B8AC-6859-4D50-819F-66788346488E}.Debug|x64.ActiveCfg = Debug|x64
		{CDB4B8AC-6859-4D50-819F-66788346488E}.Debug|x64.Build.0 = Debug|x64
		{CDB4B8AC-6859-4D50-819F-66788346488E}.Debug|x86.ActiveCfg = Debug|Win32
		{CDB4B8AC-6859-4D50-819F-66788346488E}.Debug|x86.Build.0 = Debug|Win32
		{CDB4B8AC-6859-4D50-819F-66788346488E}.Release - Fast FPU|x64.ActiveCfg = Release|x64
		{CDB4B8AC-6859-4D50-819F-66788346488E}.Release - Fast FPU|x64.Build.0 = Release|x64
		{CDB4B8AC-6859-4D50-819F-66788346488E}.Release - Fast FPU|x86.ActiveCfg = Release|Win32
		{CDB4B8AC-6859-4D50-819F-66788346488E}.Release - Fast FPU|x86.Build.0 = Release|Win32
		{CDB4B8AC-6859-4D50-819F-66788346488E}.Release|x64.ActiveCfg = Release|x64
		{CDB4B8AC-6859-4D50-819F-66788346488E}.Release|x64.Build.0 = Release|x64
		{CDB4B8AC-6859-4D50-819F-66788346488E}.Release|x86.ActiveCfg = Release|Win32
		{CDB4B8AC-6859-4D50-819F-66788346488E}.Release|x86.Build.0 = Release|Win32
		{CDB4B8AC-6859-4D50-819F-66788346488E}.SDL-Debug|x64.ActiveCfg = Debug|x64
		{CDB4B8AC-6859-4D50-819F-66788346488E}.SDL-Debug|x64.Build.0 = Debug|x64
		{CDB4B8AC-6859-4D50-819F-66788346488E}.SDL-Debug|x86.ActiveCfg = Debug|Win32
		{CDB4B8AC-6859-4D50-819F-66788346488E}.SDL-Debug|x86.Build.0 = Debug|Win32
		{CDB4B8AC-6859-4D50-819F-66788346488E}.Static lib - Debug|x64.ActiveCfg = Debug|x64
		{CDB4B8AC-6859-4D50-819F-66788346488E}.Static lib - Debug|x64.Build.0 = Debug|x64
		{CDB4B8AC-6859-4D50-819F-66788346488E}.Static lib - Debug|x86.ActiveCfg = Debug|Win32
		{CDB4B8AC-6859-4D50-819F-66788346488E}.Static lib - Debug|x86.Build.0 = Debug|Win32
		{CDB4B8AC-6859-4D50-819F-66788346488E}.Static lib - Release - Fast FPU|x64.ActiveCfg = Release|x64
		{CDB4B8AC-6859-4D50-819F-66788346488E}.Static lib - Release - Fast FPU|x64.Build.0 = Release|x64
		{CDB4B8AC-6859-4D50-819F-66788346488E}.Static lib - Release - Fast FPU|x86.ActiveCfg = Release|Win32
		{CDB4B8AC-6859-4D50-819F-66788346488E}.Static lib - Release - Fast FPU|x86.Build.0 = Release|Win32
		{CDB4B8AC-6859-4D50-819F-66788346488E}.Static lib - Release|x64.ActiveCfg = Release|x64
		{CDB4B8AC-6859-4D50-819F-66788346488E}.Static lib - Release|x64.Build.0 = Release|x64
		{CDB4B8AC-6859-4D50-819F-66788346488E}.Static lib - Release|x86.ActiveCfg = Release|Win32
		{CDB4B8AC-6859-4D50-819F-66788346488E}.Static lib - Release|x86.Build.0 = Release|Win32
		{4F7BE1AC-8B88-4F79-BBE9-1A6EC2917E75}.Debug|x64.ActiveCfg = Debug|x64
		{4F7BE1AC-8B88-4F79-BBE9-1A6EC2917E75}.Debug|x64.Build.0 = Debug|x64
		{4F7BE1AC-8B88-4F79-BBE9-1A6EC2917E75}.Debug|x86.ActiveCfg = Debug|Win32
		{4F7BE1AC-8B88-4F79-BBE9-1A6EC2917E75}.Debug|x86.Build.0 = Debug|Win32
		{4F7BE1AC-8B88-4F79-BBE9-1A6EC2917E75}.Release - Fast FPU|x64.ActiveCfg = Release|x64
		{4F7BE1AC-8B88-4F79-BBE9-1A6EC2917E75}.Release - Fast FPU|x64.Build.0 = Release|x64
		{4F7BE1AC-8B88-4F79-BBE9-1A6EC2917E75}.Release - Fast FPU|x86.ActiveCfg = Release|Win32
		{4F7BE1AC-8B88-4F79-BBE9-1A6EC2917E75}.Release - Fast FPU|x86.Build.0 = Release|Win32
		{4F7BE1AC-8B88-4F79-BBE9-1A6EC2917E75}.Release|x64.ActiveCfg = Release|x64
		{4F7BE1AC-8B88-4F79-BBE9-1A6EC2917E75}.Release|x64.Build.0 = Release|x64
		{4F7BE1AC-8B88-4F79-BBE9-1A6EC2917E75}.Release|x86.ActiveCfg = Release|Win32
		{4F7BE1AC-8B88-4F79-BBE9-1A6EC2917E75}.Release|x86.Build.0 = Release|Win32
		{4F7BE1AC-8B88-4F79-BBE9-1A6EC2917E75}.SDL-Debug|x64.ActiveCfg = Debug|x64
		{4F7BE1AC-8B88-4F79-BBE9-1A6EC2917E75}.SDL-Debug|x64.Build.0 = Debug|x64
		{4F7BE1AC-8B88-4F79-BBE9-1A6EC2917E75}.SDL-Debug|x86.ActiveCfg = Debug|Win32
		{4F7BE1AC-8B88-4F79-BBE9-1A6EC2917E75}.SDL-Debug|x86.Build.0 = Debug|Win32
		{4F7BE1AC-8B88-4F79-BBE9-1A6EC2917E75}.Static lib - Debug|x64.ActiveCfg = Debug|x64
		{4F7BE1AC-8B88-4F79-BBE9-1A6EC2917E75}.Static lib - Debug|x64.Build.0 = Debug|x64
		{4F7BE1AC-8B88-4F79-BBE9-1A6EC2917E75}.Static lib - Debug|x86.ActiveCfg = Debug|Win32
		{4F7BE1AC-8B88-4F79-BBE9-1A6EC2917E75}.Static lib - Debug|x86.Build.0 = Debug|Win32
		{4F7BE1AC-8B88-4F79-BBE9-1A6EC2917E75}.Static lib - Release - Fast FPU|x64.ActiveCfg = Release|x64
		{4F7BE1AC-8B88-4F79-BBE9-1A6EC2917E75}.Static lib - Release - Fast FPU|x64.Build.0 = Release|x64
		{4F7BE1AC-8B88-4F79-BBE9-1A6EC2917E75}.Static lib - Release - Fast FPU|x86.ActiveCfg = Release|Win32
		{4F7BE1AC-8B88-4F79-BBE9-1A6EC2917E75}.Static lib - Release - Fast FPU|x86.Build.0 = Release|Win32
		{4F7BE1AC-8B88-4F79-BBE9-1A6EC2917E75}.Static lib - Release|x64.ActiveCfg = Release|x64
		{4F7BE1AC-8B88-4F79-BBE9-1A6EC2917E75}.Static lib - Release|x64.Build.0 = Release|x64
		{4F7BE1AC-8B88-4F79-BBE9-1A6EC2917E75}.Static lib - Release|x86.ActiveCfg = Release|Win32
		{4F7BE1AC-8B88-4F79-BBE9-1A6EC2917E75}.Static lib - Release|x86.Build.0 = Release|Win32
	EndGlobalSection
	GlobalSection(SolutionProperties) = preSolution
		HideSolutionNode = FALSE
	EndGlobalSection
	GlobalSection(NestedProjects) = preSolution
		{1B4EAE2D-D41B-4957-86F4-5B488730AF1D} = {D913F1BB-E28C-4190-98B3-011731EB7420}
		{5FAF4786-9EB8-4259-A6E1-C84F6283703C} = {2520947D-8E29-489E-B8AE-59C43FB6682A}
		{6B61E4AA-B926-400E-81F6-84225C69B4A6} = {D913F1BB-E28C-4190-98B3-011731EB7420}
		{34DAABBE-6682-4951-83BB-D0BD66471113} = {D913F1BB-E28C-4190-98B3-011731EB7420}
		{C995F53A-4ABC-4898-B940-76A59B3194E1} = {D913F1BB-E28C-4190-98B3-011731EB7420}
		{60396D4A-BE10-4944-A461-1A1909ABF57C} = {D913F1BB-E28C-4190-98B3-011731EB7420}
		{E95CC944-2757-405A-B01F-10EBADE4F7E1} = {2520947D-8E29-489E-B8AE-59C43FB6682A}
		{CDB4B8AC-6859-4D50-819F-66788346488E} = {D913F1BB-E28C-4190-98B3-011731EB7420}
		{4F7BE1AC-8B88-4F79-BBE9-1A6EC2917E75} = {2520947D-8E29-489E-B8AE-59C43FB6682A}
	EndGlobalSection
	GlobalSection(ExtensibilityGlobals) = postSolution
		SolutionGuid = {47ACD324-D922-452E-B869-2284192591B6}
	EndGlobalSection
EndGlobal
